// !$*UTF8*$!
{
	archiveVersion = 1;
	classes = {
	};
	objectVersion = 46;
	objects = {
/* Begin PBXBuildFile section */
		0207DA581B56EA530066E2B4 /* Images.xcassets in Resources */ = {isa = PBXBuildFile; fileRef = 0207DA571B56EA530066E2B4 /* Images.xcassets */; };
		1D3623260D0F684500981E51 /* AppDelegate.m in Sources */ = {isa = PBXBuildFile; fileRef = 1D3623250D0F684500981E51 /* AppDelegate.m */; };
		1D60589B0D05DD56006BFB54 /* main.m in Sources */ = {isa = PBXBuildFile; fileRef = 29B97316FDCFA39411CA2CEA /* main.m */; };
		301BF552109A68D80062928A /* libCordova.a in Frameworks */ = {isa = PBXBuildFile; fileRef = 301BF535109A57CC0062928A /* libCordova.a */; };
		302D95F114D2391D003F00A1 /* MainViewController.m in Sources */ = {isa = PBXBuildFile; fileRef = 302D95EF14D2391D003F00A1 /* MainViewController.m */; };
		302D95F214D2391D003F00A1 /* MainViewController.xib in Resources */ = {isa = PBXBuildFile; fileRef = 302D95F014D2391D003F00A1 /* MainViewController.xib */; };
		3047A5121AB8059700498E2A /* build-debug.xcconfig in Resources */ = {isa = PBXBuildFile; fileRef = 3047A50F1AB8059700498E2A /* build-debug.xcconfig */; };
		3047A5131AB8059700498E2A /* build-release.xcconfig in Resources */ = {isa = PBXBuildFile; fileRef = 3047A5101AB8059700498E2A /* build-release.xcconfig */; };
		3047A5141AB8059700498E2A /* build.xcconfig in Resources */ = {isa = PBXBuildFile; fileRef = 3047A5111AB8059700498E2A /* build.xcconfig */; };
		6AFF5BF91D6E424B00AB3073 /* CDVLaunchScreen.storyboard in Resources */ = {isa = PBXBuildFile; fileRef = 6AFF5BF81D6E424B00AB3073 /* CDVLaunchScreen.storyboard */; };
		CB109678820448C38A671F9B /* NativeSettings.m in Sources */ = {isa = PBXBuildFile; fileRef = D3235C3D9C0044608EF147A0 /* NativeSettings.m */; };
		FA34C6D1A2CA474D95F018AF /* CDVNotification.m in Sources */ = {isa = PBXBuildFile; fileRef = 919AE57D1D3E4E5C88B9B5ED /* CDVNotification.m */; };
		44EB88D749774598976D12D7 /* CDVNotification.bundle in Resources */ = {isa = PBXBuildFile; fileRef = 581389904C5A4C778A4A29D5 /* CDVNotification.bundle */; };
		59A91FD70023468DBDE302FE /* AudioToolbox.framework in Frameworks */ = {isa = PBXBuildFile; fileRef = 13AA40BE6F9E49FD9690621F /* AudioToolbox.framework */; settings = {ATTRIBUTES = (Weak, ); }; };
		3BA47C278E3644AF96DD837D /* CDVBackgroundFetch.m in Sources */ = {isa = PBXBuildFile; fileRef = 98EA9838CD6049DEB823BE01 /* CDVBackgroundFetch.m */; };
		25764F50A6614EC08FE30D27 /* TSBackgroundFetch.framework in Frameworks */ = {isa = PBXBuildFile; fileRef = AA4E78FD4CB8411BB13731CA /* TSBackgroundFetch.framework */; };
		4B08262484C6402FAD247B74 /* libCocoaLumberjack.a in Frameworks */ = {isa = PBXBuildFile; fileRef = C61416D3003B4450BDEA2E7D /* libCocoaLumberjack.a */; };
		BA0FE2FBEB274A86B53F75FD /* CDVBackgroundGeolocation.m in Sources */ = {isa = PBXBuildFile; fileRef = 511D5C2AD5EE40CEB3C7CFD4 /* CDVBackgroundGeolocation.m */; };
		C3A195BC9FB1432A9EC7CD5C /* SystemConfiguration.framework in Frameworks */ = {isa = PBXBuildFile; fileRef = 766AFF4A422C4AB49ABC2CD2 /* SystemConfiguration.framework */; settings = {ATTRIBUTES = (Weak, ); }; };
		2519506C58974F578205FE30 /* AVFoundation.framework in Frameworks */ = {isa = PBXBuildFile; fileRef = 2F1E662FA3694E7DB8F68780 /* AVFoundation.framework */; settings = {ATTRIBUTES = (Weak, ); }; };
		03B0A241971942F9975A5AF7 /* libsqlite3.dylib in Frameworks */ = {isa = PBXBuildFile; fileRef = 6A8E2D3BD0414F40984E40D1 /* libsqlite3.dylib */; settings = {ATTRIBUTES = (Weak, ); }; };
		D0B219D45F09486897506254 /* TSLocationManager.framework in Frameworks */ = {isa = PBXBuildFile; fileRef = 4ED4F1C08890403E820CF1F6 /* TSLocationManager.framework */; };
		A07399C6C9C44468ADA0FA63 /* FCMPlugin.m in Sources */ = {isa = PBXBuildFile; fileRef = 76B1BC3AE1AB4521AD15F627 /* FCMPlugin.m */; };
		7F1A80CB56E742EFB5A51916 /* AppDelegate+FCMPlugin.m in Sources */ = {isa = PBXBuildFile; fileRef = F4AB4A1852C54329BA1476C7 /* AppDelegate+FCMPlugin.m */; };
		20E41A694610467698C71E03 /* FirebaseAnalytics.framework in Frameworks */ = {isa = PBXBuildFile; fileRef = 89F1F4AAA5C74833937B5984 /* FirebaseAnalytics.framework */; };
		74DAA7340B654CE38318A3E9 /* FirebaseInstanceID.framework in Frameworks */ = {isa = PBXBuildFile; fileRef = B37BF7C8091E4913ADC2135B /* FirebaseInstanceID.framework */; };
		EBDB1C24AAA143E8BEC0B5E5 /* FirebaseMessaging.framework in Frameworks */ = {isa = PBXBuildFile; fileRef = 5AE3487DF2B14C50927E7E74 /* FirebaseMessaging.framework */; };
		4411125C3D2C4CE48E903DA9 /* GoogleInterchangeUtilities.framework in Frameworks */ = {isa = PBXBuildFile; fileRef = 3B57DFE935C245C2829389A2 /* GoogleInterchangeUtilities.framework */; };
		256DF28AD76E4DCEAAC9A151 /* GoogleIPhoneUtilities.framework in Frameworks */ = {isa = PBXBuildFile; fileRef = 830637FDA7CF4F7AB6AD531F /* GoogleIPhoneUtilities.framework */; };
		5D34D1766C8E44208E6BAC27 /* GoogleSymbolUtilities.framework in Frameworks */ = {isa = PBXBuildFile; fileRef = 78B88496096D4B798966FD8A /* GoogleSymbolUtilities.framework */; };
		894C809237B84B6A8C6764B8 /* GoogleUtilities.framework in Frameworks */ = {isa = PBXBuildFile; fileRef = A764478C59194DA8A1965E34 /* GoogleUtilities.framework */; };
		06543A96FE174708A3E480B3 /* libc++.tbd in Frameworks */ = {isa = PBXBuildFile; fileRef = E60990F93A934CE89BE56CD7 /* libc++.tbd */; };
		FAA8B3535840450DAAFC56D2 /* libz.tbd in Frameworks */ = {isa = PBXBuildFile; fileRef = 40E34B7E9E82434B8696433A /* libz.tbd */; };
		8884B56319EA4601809DE2DF /* AddressBook.framework in Frameworks */ = {isa = PBXBuildFile; fileRef = C32D1F733506411F8CD4F8C6 /* AddressBook.framework */; };
		F84C67ACFC4148E884A85781 /* libsqlite3.0.tbd in Frameworks */ = {isa = PBXBuildFile; fileRef = 2252F743CA764DC4BF6B2554 /* libsqlite3.0.tbd */; };
		6565171B1C2047C7BE12E39A /* Security.framework in Frameworks */ = {isa = PBXBuildFile; fileRef = 2BB27622747E48F186B34A60 /* Security.framework */; };
		71528CABC0A24F279EA6DAFA /* CDVConnection.m in Sources */ = {isa = PBXBuildFile; fileRef = 1828C3037A6F4163A19C69F6 /* CDVConnection.m */; };
		992A77C5F9DC4787A46140C7 /* CDVReachability.m in Sources */ = {isa = PBXBuildFile; fileRef = CEAE7895B8784E00B1229BEF /* CDVReachability.m */; };
		8A7CB1D782B1427E8FDD5C98 /* CoreTelephony.framework in Frameworks */ = {isa = PBXBuildFile; fileRef = F2F7FC784B214F9392BEEE80 /* CoreTelephony.framework */; };
		450336567ACA41AE9C472F18 /* RequestLocationAccuracy.m in Sources */ = {isa = PBXBuildFile; fileRef = 14DB3975F85B4E8BBAD2170F /* RequestLocationAccuracy.m */; };
		55980254035B423EBFDCAE3E /* CoreLocation.framework in Frameworks */ = {isa = PBXBuildFile; fileRef = C64CB3342A8049A1BD9790FE /* CoreLocation.framework */; };
/* End PBXBuildFile section */

/* Begin PBXContainerItemProxy section */
		301BF534109A57CC0062928A /* PBXContainerItemProxy */ = {
			isa = PBXContainerItemProxy;
			containerPortal = 301BF52D109A57CC0062928A /* CordovaLib.xcodeproj */;
			proxyType = 2;
			remoteGlobalIDString = D2AAC07E0554694100DB518D;
			remoteInfo = CordovaLib;
		};
		301BF550109A68C00062928A /* PBXContainerItemProxy */ = {
			isa = PBXContainerItemProxy;
			containerPortal = 301BF52D109A57CC0062928A /* CordovaLib.xcodeproj */;
			proxyType = 1;
			remoteGlobalIDString = D2AAC07D0554694100DB518D;
			remoteInfo = CordovaLib;
		};
/* End PBXContainerItemProxy section */

/* Begin PBXFileReference section */
		0207DA571B56EA530066E2B4 /* Images.xcassets */ = {isa = PBXFileReference; lastKnownFileType = folder.assetcatalog; name = Images.xcassets; path = "Limo Logix/Images.xcassets"; sourceTree = SOURCE_ROOT; };
		1D3623240D0F684500981E51 /* AppDelegate.h */ = {isa = PBXFileReference; fileEncoding = 4; lastKnownFileType = sourcecode.c.h; path = AppDelegate.h; sourceTree = "<group>"; };
		1D3623250D0F684500981E51 /* AppDelegate.m */ = {isa = PBXFileReference; fileEncoding = 4; lastKnownFileType = sourcecode.c.objc; path = AppDelegate.m; sourceTree = "<group>"; };
		1D6058910D05DD3D006BFB54 /* Limo Logix.app */ = {isa = PBXFileReference; explicitFileType = wrapper.application; includeInIndex = 0; path = "Limo Logix.app"; sourceTree = BUILT_PRODUCTS_DIR; };
		29B97316FDCFA39411CA2CEA /* main.m */ = {isa = PBXFileReference; fileEncoding = 4; lastKnownFileType = sourcecode.c.objc; path = main.m; sourceTree = "<group>"; };
		301BF52D109A57CC0062928A /* CordovaLib.xcodeproj */ = {isa = PBXFileReference; lastKnownFileType = "wrapper.pb-project"; name = CordovaLib.xcodeproj; path = CordovaLib/CordovaLib.xcodeproj; sourceTree = "<group>"; };
		301BF56E109A69640062928A /* www */ = {isa = PBXFileReference; lastKnownFileType = folder; path = www; sourceTree = SOURCE_ROOT; };
		302D95EE14D2391D003F00A1 /* MainViewController.h */ = {isa = PBXFileReference; fileEncoding = 4; lastKnownFileType = sourcecode.c.h; path = MainViewController.h; sourceTree = "<group>"; };
		302D95EF14D2391D003F00A1 /* MainViewController.m */ = {isa = PBXFileReference; fileEncoding = 4; lastKnownFileType = sourcecode.c.objc; path = MainViewController.m; sourceTree = "<group>"; };
		302D95F014D2391D003F00A1 /* MainViewController.xib */ = {isa = PBXFileReference; fileEncoding = 4; lastKnownFileType = file.xib; path = MainViewController.xib; sourceTree = "<group>"; };
		3047A50F1AB8059700498E2A /* build-debug.xcconfig */ = {isa = PBXFileReference; fileEncoding = 4; lastKnownFileType = text.xcconfig; name = "build-debug.xcconfig"; path = cordova/build-debug.xcconfig; sourceTree = SOURCE_ROOT; };
		3047A5101AB8059700498E2A /* build-release.xcconfig */ = {isa = PBXFileReference; fileEncoding = 4; lastKnownFileType = text.xcconfig; name = "build-release.xcconfig"; path = cordova/build-release.xcconfig; sourceTree = SOURCE_ROOT; };
		3047A5111AB8059700498E2A /* build.xcconfig */ = {isa = PBXFileReference; fileEncoding = 4; lastKnownFileType = text.xcconfig; name = build.xcconfig; path = cordova/build.xcconfig; sourceTree = SOURCE_ROOT; };
		32CA4F630368D1EE00C91783 /* Limo Logix-Prefix.pch */ = {isa = PBXFileReference; fileEncoding = 4; lastKnownFileType = sourcecode.c.h; path = "Limo Logix-Prefix.pch"; sourceTree = "<group>"; };
		6AFF5BF81D6E424B00AB3073 /* CDVLaunchScreen.storyboard */ = {isa = PBXFileReference; fileEncoding = 4; lastKnownFileType = file.storyboard; name = CDVLaunchScreen.storyboard; path = "Limo Logix/CDVLaunchScreen.storyboard"; sourceTree = SOURCE_ROOT; };
		8D1107310486CEB800E47090 /* Limo Logix-Info.plist */ = {isa = PBXFileReference; fileEncoding = 4; lastKnownFileType = text.plist.xml; name = "Limo Logix-Info.plist"; path = "Limo Logix/Limo Logix-Info.plist"; plistStructureDefinitionIdentifier = "com.apple.xcode.plist.structure-definition.iphone.info-plist"; sourceTree = SOURCE_ROOT; };
		EB87FDF31871DA8E0020F90C /* www */ = {isa = PBXFileReference; lastKnownFileType = folder; name = www; path = ../../www; sourceTree = "<group>"; };
		EB87FDF41871DAF40020F90C /* config.xml */ = {isa = PBXFileReference; lastKnownFileType = text.xml; name = config.xml; path = ../../config.xml; sourceTree = "<group>"; };
		F840E1F0165FE0F500CFE078 /* config.xml */ = {isa = PBXFileReference; lastKnownFileType = text.xml; name = config.xml; path = "Limo Logix/config.xml"; sourceTree = "<group>"; };
		ED33DF2A687741AEAF9F8254 /* Bridging-Header.h */ = {isa = PBXFileReference; fileEncoding = 4; lastKnownFileType = sourcecode.c.h; name = "Bridging-Header.h"; path = "Bridging-Header.h"; sourceTree = "<group>"; };
		D3235C3D9C0044608EF147A0 /* NativeSettings.m */ = {isa = PBXFileReference; name = "NativeSettings.m"; path = "com.phonegap.plugins.nativesettingsopener/NativeSettings.m"; sourceTree = "<group>"; fileEncoding = 4; lastKnownFileType = sourcecode.c.objc; explicitFileType = undefined; includeInIndex = 0; };
		B4BB6A7E97DD4A938E008013 /* NativeSettings.h */ = {isa = PBXFileReference; name = "NativeSettings.h"; path = "com.phonegap.plugins.nativesettingsopener/NativeSettings.h"; sourceTree = "<group>"; fileEncoding = 4; lastKnownFileType = sourcecode.c.h; explicitFileType = undefined; includeInIndex = 0; };
		919AE57D1D3E4E5C88B9B5ED /* CDVNotification.m */ = {isa = PBXFileReference; name = "CDVNotification.m"; path = "cordova-plugin-dialogs/CDVNotification.m"; sourceTree = "<group>"; fileEncoding = 4; lastKnownFileType = sourcecode.c.objc; explicitFileType = undefined; includeInIndex = 0; };
		5915766C438D48AEB6777D90 /* CDVNotification.h */ = {isa = PBXFileReference; name = "CDVNotification.h"; path = "cordova-plugin-dialogs/CDVNotification.h"; sourceTree = "<group>"; fileEncoding = 4; lastKnownFileType = sourcecode.c.h; explicitFileType = undefined; includeInIndex = 0; };
		581389904C5A4C778A4A29D5 /* CDVNotification.bundle */ = {isa = PBXFileReference; name = "CDVNotification.bundle"; path = "CDVNotification.bundle"; sourceTree = "<group>"; fileEncoding = undefined; lastKnownFileType = wrapper.plug-in; explicitFileType = undefined; includeInIndex = 0; };
		13AA40BE6F9E49FD9690621F /* AudioToolbox.framework */ = {isa = PBXFileReference; name = "AudioToolbox.framework"; path = "System/Library/Frameworks/AudioToolbox.framework"; sourceTree = SDKROOT; fileEncoding = undefined; lastKnownFileType = wrapper.framework; explicitFileType = undefined; includeInIndex = 0; };
		98EA9838CD6049DEB823BE01 /* CDVBackgroundFetch.m */ = {isa = PBXFileReference; name = "CDVBackgroundFetch.m"; path = "cordova-plugin-background-fetch/CDVBackgroundFetch.m"; sourceTree = "<group>"; fileEncoding = 4; lastKnownFileType = sourcecode.c.objc; explicitFileType = undefined; includeInIndex = 0; };
		A11B537F6AF34D4A9DA843E9 /* CDVBackgroundFetch.h */ = {isa = PBXFileReference; name = "CDVBackgroundFetch.h"; path = "cordova-plugin-background-fetch/CDVBackgroundFetch.h"; sourceTree = "<group>"; fileEncoding = 4; lastKnownFileType = sourcecode.c.h; explicitFileType = undefined; includeInIndex = 0; };
		AA4E78FD4CB8411BB13731CA /* TSBackgroundFetch.framework */ = {isa = PBXFileReference; name = "TSBackgroundFetch.framework"; path = "Limo Logix/Plugins/cordova-plugin-background-fetch/TSBackgroundFetch.framework"; sourceTree = "<group>"; fileEncoding = undefined; lastKnownFileType = wrapper.framework; explicitFileType = undefined; includeInIndex = 0; };
		C61416D3003B4450BDEA2E7D /* libCocoaLumberjack.a */ = {isa = PBXFileReference; name = "libCocoaLumberjack.a"; path = "Limo Logix/Plugins/cordova-plugin-cocoalumberjack/libCocoaLumberjack.a"; sourceTree = "<group>"; fileEncoding = undefined; lastKnownFileType = archive.ar; explicitFileType = undefined; includeInIndex = 0; };
		511D5C2AD5EE40CEB3C7CFD4 /* CDVBackgroundGeolocation.m */ = {isa = PBXFileReference; name = "CDVBackgroundGeolocation.m"; path = "com.transistorsoft.cordova.background-geolocation/CDVBackgroundGeolocation.m"; sourceTree = "<group>"; fileEncoding = 4; lastKnownFileType = sourcecode.c.objc; explicitFileType = undefined; includeInIndex = 0; };
		A55F5EB679364C00A64742B0 /* CDVBackgroundGeolocation.h */ = {isa = PBXFileReference; name = "CDVBackgroundGeolocation.h"; path = "com.transistorsoft.cordova.background-geolocation/CDVBackgroundGeolocation.h"; sourceTree = "<group>"; fileEncoding = 4; lastKnownFileType = sourcecode.c.h; explicitFileType = undefined; includeInIndex = 0; };
		766AFF4A422C4AB49ABC2CD2 /* SystemConfiguration.framework */ = {isa = PBXFileReference; name = "SystemConfiguration.framework"; path = "System/Library/Frameworks/SystemConfiguration.framework"; sourceTree = SDKROOT; fileEncoding = undefined; lastKnownFileType = wrapper.framework; explicitFileType = undefined; includeInIndex = 0; };
		2F1E662FA3694E7DB8F68780 /* AVFoundation.framework */ = {isa = PBXFileReference; name = "AVFoundation.framework"; path = "System/Library/Frameworks/AVFoundation.framework"; sourceTree = SDKROOT; fileEncoding = undefined; lastKnownFileType = wrapper.framework; explicitFileType = undefined; includeInIndex = 0; };
		6A8E2D3BD0414F40984E40D1 /* libsqlite3.dylib */ = {isa = PBXFileReference; name = "libsqlite3.dylib"; path = "usr/lib/libsqlite3.dylib"; sourceTree = SDKROOT; fileEncoding = undefined; lastKnownFileType = compiled.mach-o.dylib; explicitFileType = undefined; includeInIndex = 0; };
		4ED4F1C08890403E820CF1F6 /* TSLocationManager.framework */ = {isa = PBXFileReference; name = "TSLocationManager.framework"; path = "Limo Logix/Plugins/com.transistorsoft.cordova.background-geolocation/TSLocationManager.framework"; sourceTree = "<group>"; fileEncoding = undefined; lastKnownFileType = wrapper.framework; explicitFileType = undefined; includeInIndex = 0; };
		76B1BC3AE1AB4521AD15F627 /* FCMPlugin.m */ = {isa = PBXFileReference; name = "FCMPlugin.m"; path = "cordova-plugin-fcm/FCMPlugin.m"; sourceTree = "<group>"; fileEncoding = 4; lastKnownFileType = sourcecode.c.objc; explicitFileType = undefined; includeInIndex = 0; };
		F4AB4A1852C54329BA1476C7 /* AppDelegate+FCMPlugin.m */ = {isa = PBXFileReference; name = "AppDelegate+FCMPlugin.m"; path = "cordova-plugin-fcm/AppDelegate+FCMPlugin.m"; sourceTree = "<group>"; fileEncoding = 4; lastKnownFileType = sourcecode.c.objc; explicitFileType = undefined; includeInIndex = 0; };
		2F83C9A9ECE04CF69EDB72CC /* FCMPlugin.h */ = {isa = PBXFileReference; name = "FCMPlugin.h"; path = "cordova-plugin-fcm/FCMPlugin.h"; sourceTree = "<group>"; fileEncoding = 4; lastKnownFileType = sourcecode.c.h; explicitFileType = undefined; includeInIndex = 0; };
		F5A654AF9EF1407BB23D7EB2 /* AppDelegate+FCMPlugin.h */ = {isa = PBXFileReference; name = "AppDelegate+FCMPlugin.h"; path = "cordova-plugin-fcm/AppDelegate+FCMPlugin.h"; sourceTree = "<group>"; fileEncoding = 4; lastKnownFileType = sourcecode.c.h; explicitFileType = undefined; includeInIndex = 0; };
		017B9CD15693417ABB673AC2 /* Firebase.h */ = {isa = PBXFileReference; name = "Firebase.h"; path = "cordova-plugin-fcm/Firebase.h"; sourceTree = "<group>"; fileEncoding = 4; lastKnownFileType = sourcecode.c.h; explicitFileType = undefined; includeInIndex = 0; };
		89F1F4AAA5C74833937B5984 /* FirebaseAnalytics.framework */ = {isa = PBXFileReference; name = "FirebaseAnalytics.framework"; path = "Limo Logix/Plugins/cordova-plugin-fcm/FirebaseAnalytics.framework"; sourceTree = "<group>"; fileEncoding = undefined; lastKnownFileType = wrapper.framework; explicitFileType = undefined; includeInIndex = 0; };
		B37BF7C8091E4913ADC2135B /* FirebaseInstanceID.framework */ = {isa = PBXFileReference; name = "FirebaseInstanceID.framework"; path = "Limo Logix/Plugins/cordova-plugin-fcm/FirebaseInstanceID.framework"; sourceTree = "<group>"; fileEncoding = undefined; lastKnownFileType = wrapper.framework; explicitFileType = undefined; includeInIndex = 0; };
		5AE3487DF2B14C50927E7E74 /* FirebaseMessaging.framework */ = {isa = PBXFileReference; name = "FirebaseMessaging.framework"; path = "Limo Logix/Plugins/cordova-plugin-fcm/FirebaseMessaging.framework"; sourceTree = "<group>"; fileEncoding = undefined; lastKnownFileType = wrapper.framework; explicitFileType = undefined; includeInIndex = 0; };
		3B57DFE935C245C2829389A2 /* GoogleInterchangeUtilities.framework */ = {isa = PBXFileReference; name = "GoogleInterchangeUtilities.framework"; path = "Limo Logix/Plugins/cordova-plugin-fcm/GoogleInterchangeUtilities.framework"; sourceTree = "<group>"; fileEncoding = undefined; lastKnownFileType = wrapper.framework; explicitFileType = undefined; includeInIndex = 0; };
		830637FDA7CF4F7AB6AD531F /* GoogleIPhoneUtilities.framework */ = {isa = PBXFileReference; name = "GoogleIPhoneUtilities.framework"; path = "Limo Logix/Plugins/cordova-plugin-fcm/GoogleIPhoneUtilities.framework"; sourceTree = "<group>"; fileEncoding = undefined; lastKnownFileType = wrapper.framework; explicitFileType = undefined; includeInIndex = 0; };
		78B88496096D4B798966FD8A /* GoogleSymbolUtilities.framework */ = {isa = PBXFileReference; name = "GoogleSymbolUtilities.framework"; path = "Limo Logix/Plugins/cordova-plugin-fcm/GoogleSymbolUtilities.framework"; sourceTree = "<group>"; fileEncoding = undefined; lastKnownFileType = wrapper.framework; explicitFileType = undefined; includeInIndex = 0; };
		A764478C59194DA8A1965E34 /* GoogleUtilities.framework */ = {isa = PBXFileReference; name = "GoogleUtilities.framework"; path = "Limo Logix/Plugins/cordova-plugin-fcm/GoogleUtilities.framework"; sourceTree = "<group>"; fileEncoding = undefined; lastKnownFileType = wrapper.framework; explicitFileType = undefined; includeInIndex = 0; };
		E60990F93A934CE89BE56CD7 /* libc++.tbd */ = {isa = PBXFileReference; name = "libc++.tbd"; path = "usr/lib/libc++.tbd"; sourceTree = SDKROOT; fileEncoding = undefined; lastKnownFileType = sourcecode.text-based-dylib-definition; explicitFileType = undefined; includeInIndex = 0; };
		40E34B7E9E82434B8696433A /* libz.tbd */ = {isa = PBXFileReference; name = "libz.tbd"; path = "usr/lib/libz.tbd"; sourceTree = SDKROOT; fileEncoding = undefined; lastKnownFileType = sourcecode.text-based-dylib-definition; explicitFileType = undefined; includeInIndex = 0; };
		C32D1F733506411F8CD4F8C6 /* AddressBook.framework */ = {isa = PBXFileReference; name = "AddressBook.framework"; path = "System/Library/Frameworks/AddressBook.framework"; sourceTree = SDKROOT; fileEncoding = undefined; lastKnownFileType = wrapper.framework; explicitFileType = undefined; includeInIndex = 0; };
		2252F743CA764DC4BF6B2554 /* libsqlite3.0.tbd */ = {isa = PBXFileReference; name = "libsqlite3.0.tbd"; path = "usr/lib/libsqlite3.0.tbd"; sourceTree = SDKROOT; fileEncoding = undefined; lastKnownFileType = sourcecode.text-based-dylib-definition; explicitFileType = undefined; includeInIndex = 0; };
		2BB27622747E48F186B34A60 /* Security.framework */ = {isa = PBXFileReference; name = "Security.framework"; path = "System/Library/Frameworks/Security.framework"; sourceTree = SDKROOT; fileEncoding = undefined; lastKnownFileType = wrapper.framework; explicitFileType = undefined; includeInIndex = 0; };
		1828C3037A6F4163A19C69F6 /* CDVConnection.m */ = {isa = PBXFileReference; name = "CDVConnection.m"; path = "cordova-plugin-network-information/CDVConnection.m"; sourceTree = "<group>"; fileEncoding = 4; lastKnownFileType = sourcecode.c.objc; explicitFileType = undefined; includeInIndex = 0; };
		CEAE7895B8784E00B1229BEF /* CDVReachability.m */ = {isa = PBXFileReference; name = "CDVReachability.m"; path = "cordova-plugin-network-information/CDVReachability.m"; sourceTree = "<group>"; fileEncoding = 4; lastKnownFileType = sourcecode.c.objc; explicitFileType = undefined; includeInIndex = 0; };
		B2FEB650F7EC47958AB6A525 /* CDVConnection.h */ = {isa = PBXFileReference; name = "CDVConnection.h"; path = "cordova-plugin-network-information/CDVConnection.h"; sourceTree = "<group>"; fileEncoding = 4; lastKnownFileType = sourcecode.c.h; explicitFileType = undefined; includeInIndex = 0; };
		39F50B3FDE454DCBBC7183D8 /* CDVReachability.h */ = {isa = PBXFileReference; name = "CDVReachability.h"; path = "cordova-plugin-network-information/CDVReachability.h"; sourceTree = "<group>"; fileEncoding = 4; lastKnownFileType = sourcecode.c.h; explicitFileType = undefined; includeInIndex = 0; };
		F2F7FC784B214F9392BEEE80 /* CoreTelephony.framework */ = {isa = PBXFileReference; name = "CoreTelephony.framework"; path = "System/Library/Frameworks/CoreTelephony.framework"; sourceTree = SDKROOT; fileEncoding = undefined; lastKnownFileType = wrapper.framework; explicitFileType = undefined; includeInIndex = 0; };
		14DB3975F85B4E8BBAD2170F /* RequestLocationAccuracy.m */ = {isa = PBXFileReference; name = "RequestLocationAccuracy.m"; path = "cordova-plugin-request-location-accuracy/RequestLocationAccuracy.m"; sourceTree = "<group>"; fileEncoding = 4; lastKnownFileType = sourcecode.c.objc; explicitFileType = undefined; includeInIndex = 0; };
		802212FF2F1542CF911E546D /* RequestLocationAccuracy.h */ = {isa = PBXFileReference; name = "RequestLocationAccuracy.h"; path = "cordova-plugin-request-location-accuracy/RequestLocationAccuracy.h"; sourceTree = "<group>"; fileEncoding = 4; lastKnownFileType = sourcecode.c.h; explicitFileType = undefined; includeInIndex = 0; };
		C64CB3342A8049A1BD9790FE /* CoreLocation.framework */ = {isa = PBXFileReference; name = "CoreLocation.framework"; path = "System/Library/Frameworks/CoreLocation.framework"; sourceTree = SDKROOT; fileEncoding = undefined; lastKnownFileType = wrapper.framework; explicitFileType = undefined; includeInIndex = 0; };
/* End PBXFileReference section */

/* Begin PBXFrameworksBuildPhase section */
		1D60588F0D05DD3D006BFB54 /* Frameworks */ = {
			isa = PBXFrameworksBuildPhase;
			buildActionMask = 2147483647;
			files = (
				301BF552109A68D80062928A /* libCordova.a in Frameworks */,
				59A91FD70023468DBDE302FE /* AudioToolbox.framework in Frameworks */,
				25764F50A6614EC08FE30D27 /* TSBackgroundFetch.framework in Frameworks */,
				4B08262484C6402FAD247B74 /* libCocoaLumberjack.a in Frameworks */,
				C3A195BC9FB1432A9EC7CD5C /* SystemConfiguration.framework in Frameworks */,
				2519506C58974F578205FE30 /* AVFoundation.framework in Frameworks */,
				03B0A241971942F9975A5AF7 /* libsqlite3.dylib in Frameworks */,
				D0B219D45F09486897506254 /* TSLocationManager.framework in Frameworks */,
				20E41A694610467698C71E03 /* FirebaseAnalytics.framework in Frameworks */,
				74DAA7340B654CE38318A3E9 /* FirebaseInstanceID.framework in Frameworks */,
				EBDB1C24AAA143E8BEC0B5E5 /* FirebaseMessaging.framework in Frameworks */,
				4411125C3D2C4CE48E903DA9 /* GoogleInterchangeUtilities.framework in Frameworks */,
				256DF28AD76E4DCEAAC9A151 /* GoogleIPhoneUtilities.framework in Frameworks */,
				5D34D1766C8E44208E6BAC27 /* GoogleSymbolUtilities.framework in Frameworks */,
				894C809237B84B6A8C6764B8 /* GoogleUtilities.framework in Frameworks */,
				06543A96FE174708A3E480B3 /* libc++.tbd in Frameworks */,
				FAA8B3535840450DAAFC56D2 /* libz.tbd in Frameworks */,
				8884B56319EA4601809DE2DF /* AddressBook.framework in Frameworks */,
				F84C67ACFC4148E884A85781 /* libsqlite3.0.tbd in Frameworks */,
				6565171B1C2047C7BE12E39A /* Security.framework in Frameworks */,
				8A7CB1D782B1427E8FDD5C98 /* CoreTelephony.framework in Frameworks */,
				55980254035B423EBFDCAE3E /* CoreLocation.framework in Frameworks */,
			);
			runOnlyForDeploymentPostprocessing = 0;
		};
/* End PBXFrameworksBuildPhase section */

/* Begin PBXGroup section */
		080E96DDFE201D6D7F000001 /* Classes */ = {
			isa = PBXGroup;
			children = (
				302D95EE14D2391D003F00A1 /* MainViewController.h */,
				302D95EF14D2391D003F00A1 /* MainViewController.m */,
				302D95F014D2391D003F00A1 /* MainViewController.xib */,
				1D3623240D0F684500981E51 /* AppDelegate.h */,
				1D3623250D0F684500981E51 /* AppDelegate.m */,
			);
			name = Classes;
			path = "Limo Logix/Classes";
			sourceTree = SOURCE_ROOT;
		};
		19C28FACFE9D520D11CA2CBB /* Products */ = {
			isa = PBXGroup;
			children = (
				1D6058910D05DD3D006BFB54 /* Limo Logix.app */,
			);
			name = Products;
			sourceTree = "<group>";
		};
		29B97314FDCFA39411CA2CEA /* CustomTemplate */ = {
			isa = PBXGroup;
			children = (
				EB87FDF41871DAF40020F90C /* config.xml */,
				EB87FDF31871DA8E0020F90C /* www */,
				EB87FDF11871DA420020F90C /* Staging */,
				301BF52D109A57CC0062928A /* CordovaLib.xcodeproj */,
				080E96DDFE201D6D7F000001 /* Classes */,
				307C750510C5A3420062BCA9 /* Plugins */,
				29B97315FDCFA39411CA2CEA /* Other Sources */,
				29B97317FDCFA39411CA2CEA /* Resources */,
				29B97323FDCFA39411CA2CEA /* Frameworks */,
				19C28FACFE9D520D11CA2CBB /* Products */,
			);
			name = CustomTemplate;
			sourceTree = "<group>";
		};
		29B97315FDCFA39411CA2CEA /* Other Sources */ = {
			isa = PBXGroup;
			children = (
				32CA4F630368D1EE00C91783 /* Limo Logix-Prefix.pch */,
				29B97316FDCFA39411CA2CEA /* main.m */,
				ED33DF2A687741AEAF9F8254 /* Bridging-Header.h */,
			);
			name = "Other Sources";
			path = "Limo Logix";
			sourceTree = "<group>";
		};
		29B97317FDCFA39411CA2CEA /* Resources */ = {
			isa = PBXGroup;
			children = (
				0207DA571B56EA530066E2B4 /* Images.xcassets */,
				3047A50E1AB8057F00498E2A /* config */,
				8D1107310486CEB800E47090 /* Limo Logix-Info.plist */,
				6AFF5BF81D6E424B00AB3073 /* CDVLaunchScreen.storyboard */,
				581389904C5A4C778A4A29D5 /* CDVNotification.bundle */,
			);
			name = Resources;
			path = "Limo Logix/Resources";
			sourceTree = "<group>";
		};
		29B97323FDCFA39411CA2CEA /* Frameworks */ = {
			isa = PBXGroup;
			children = (
				13AA40BE6F9E49FD9690621F /* AudioToolbox.framework */,
				AA4E78FD4CB8411BB13731CA /* TSBackgroundFetch.framework */,
				C61416D3003B4450BDEA2E7D /* libCocoaLumberjack.a */,
				766AFF4A422C4AB49ABC2CD2 /* SystemConfiguration.framework */,
				2F1E662FA3694E7DB8F68780 /* AVFoundation.framework */,
				6A8E2D3BD0414F40984E40D1 /* libsqlite3.dylib */,
				4ED4F1C08890403E820CF1F6 /* TSLocationManager.framework */,
				89F1F4AAA5C74833937B5984 /* FirebaseAnalytics.framework */,
				B37BF7C8091E4913ADC2135B /* FirebaseInstanceID.framework */,
				5AE3487DF2B14C50927E7E74 /* FirebaseMessaging.framework */,
				3B57DFE935C245C2829389A2 /* GoogleInterchangeUtilities.framework */,
				830637FDA7CF4F7AB6AD531F /* GoogleIPhoneUtilities.framework */,
				78B88496096D4B798966FD8A /* GoogleSymbolUtilities.framework */,
				A764478C59194DA8A1965E34 /* GoogleUtilities.framework */,
				E60990F93A934CE89BE56CD7 /* libc++.tbd */,
				40E34B7E9E82434B8696433A /* libz.tbd */,
				C32D1F733506411F8CD4F8C6 /* AddressBook.framework */,
				2252F743CA764DC4BF6B2554 /* libsqlite3.0.tbd */,
				2BB27622747E48F186B34A60 /* Security.framework */,
				F2F7FC784B214F9392BEEE80 /* CoreTelephony.framework */,
				C64CB3342A8049A1BD9790FE /* CoreLocation.framework */,
			);
			name = Frameworks;
			sourceTree = "<group>";
		};
		301BF52E109A57CC0062928A /* Products */ = {
			isa = PBXGroup;
			children = (
				301BF535109A57CC0062928A /* libCordova.a */,
			);
			name = Products;
			sourceTree = "<group>";
		};
		3047A50E1AB8057F00498E2A /* config */ = {
			isa = PBXGroup;
			children = (
				3047A50F1AB8059700498E2A /* build-debug.xcconfig */,
				3047A5101AB8059700498E2A /* build-release.xcconfig */,
				3047A5111AB8059700498E2A /* build.xcconfig */,
			);
			name = config;
			sourceTree = "<group>";
		};
		307C750510C5A3420062BCA9 /* Plugins */ = {
			isa = PBXGroup;
			children = (
				D3235C3D9C0044608EF147A0 /* NativeSettings.m */,
				B4BB6A7E97DD4A938E008013 /* NativeSettings.h */,
				919AE57D1D3E4E5C88B9B5ED /* CDVNotification.m */,
				5915766C438D48AEB6777D90 /* CDVNotification.h */,
				98EA9838CD6049DEB823BE01 /* CDVBackgroundFetch.m */,
				A11B537F6AF34D4A9DA843E9 /* CDVBackgroundFetch.h */,
				511D5C2AD5EE40CEB3C7CFD4 /* CDVBackgroundGeolocation.m */,
				A55F5EB679364C00A64742B0 /* CDVBackgroundGeolocation.h */,
				76B1BC3AE1AB4521AD15F627 /* FCMPlugin.m */,
				F4AB4A1852C54329BA1476C7 /* AppDelegate+FCMPlugin.m */,
				2F83C9A9ECE04CF69EDB72CC /* FCMPlugin.h */,
				F5A654AF9EF1407BB23D7EB2 /* AppDelegate+FCMPlugin.h */,
				017B9CD15693417ABB673AC2 /* Firebase.h */,
				1828C3037A6F4163A19C69F6 /* CDVConnection.m */,
				CEAE7895B8784E00B1229BEF /* CDVReachability.m */,
				B2FEB650F7EC47958AB6A525 /* CDVConnection.h */,
				39F50B3FDE454DCBBC7183D8 /* CDVReachability.h */,
				14DB3975F85B4E8BBAD2170F /* RequestLocationAccuracy.m */,
				802212FF2F1542CF911E546D /* RequestLocationAccuracy.h */,
			);
			name = Plugins;
			path = "Limo Logix/Plugins";
			sourceTree = SOURCE_ROOT;
		};
		EB87FDF11871DA420020F90C /* Staging */ = {
			isa = PBXGroup;
			children = (
				F840E1F0165FE0F500CFE078 /* config.xml */,
				301BF56E109A69640062928A /* www */,
			);
			name = Staging;
			sourceTree = "<group>";
		};
/* End PBXGroup section */

/* Begin PBXNativeTarget section */
		1D6058900D05DD3D006BFB54 /* Limo Logix */ = {
			isa = PBXNativeTarget;
			buildConfigurationList = 1D6058960D05DD3E006BFB54 /* Build configuration list for PBXNativeTarget "Limo Logix" */;
			buildPhases = (
				304B58A110DAC018002A0835 /* Copy www directory */,
				1D60588D0D05DD3D006BFB54 /* Resources */,
				1D60588E0D05DD3D006BFB54 /* Sources */,
				1D60588F0D05DD3D006BFB54 /* Frameworks */,
			);
			buildRules = (
			);
			dependencies = (
				301BF551109A68C00062928A /* PBXTargetDependency */,
			);
			name = "Limo Logix";
			productName = "Limo Logix";
			productReference = 1D6058910D05DD3D006BFB54 /* Limo Logix.app */;
			productType = "com.apple.product-type.application";
		};
/* End PBXNativeTarget section */

/* Begin PBXProject section */
		29B97313FDCFA39411CA2CEA /* Project object */ = {
			isa = PBXProject;
			attributes = {
				LastUpgradeCheck = 510;
			};
			buildConfigurationList = C01FCF4E08A954540054247B /* Build configuration list for PBXProject "__NON-CLI__" */;
			compatibilityVersion = "Xcode 3.2";
			developmentRegion = English;
			hasScannedForEncodings = 1;
			mainGroup = 29B97314FDCFA39411CA2CEA /* CustomTemplate */;
			projectDirPath = "";
			projectReferences = (
				{
					ProductGroup = 301BF52E109A57CC0062928A /* Products */;
					ProjectRef = 301BF52D109A57CC0062928A /* CordovaLib.xcodeproj */;
				},
			);
			projectRoot = "";
			targets = (
				1D6058900D05DD3D006BFB54 /* Limo Logix */,
			);
		};
/* End PBXProject section */

/* Begin PBXReferenceProxy section */
		301BF535109A57CC0062928A /* libCordova.a */ = {
			isa = PBXReferenceProxy;
			fileType = archive.ar;
			path = libCordova.a;
			remoteRef = 301BF534109A57CC0062928A /* PBXContainerItemProxy */;
			sourceTree = BUILT_PRODUCTS_DIR;
		};
/* End PBXReferenceProxy section */

/* Begin PBXResourcesBuildPhase section */
		1D60588D0D05DD3D006BFB54 /* Resources */ = {
			isa = PBXResourcesBuildPhase;
			buildActionMask = 2147483647;
			files = (
				302D95F214D2391D003F00A1 /* MainViewController.xib in Resources */,
				0207DA581B56EA530066E2B4 /* Images.xcassets in Resources */,
				6AFF5BF91D6E424B00AB3073 /* CDVLaunchScreen.storyboard in Resources */,
				44EB88D749774598976D12D7 /* CDVNotification.bundle in Resources */,
			);
			runOnlyForDeploymentPostprocessing = 0;
		};
/* End PBXResourcesBuildPhase section */

/* Begin PBXShellScriptBuildPhase section */
		304B58A110DAC018002A0835 /* Copy www directory */ = {
			isa = PBXShellScriptBuildPhase;
			buildActionMask = 2147483647;
			files = (
			);
			inputPaths = (
			);
			name = "Copy www directory";
			outputPaths = (
			);
			runOnlyForDeploymentPostprocessing = 0;
			shellPath = /bin/sh;
			shellScript = "NODEJS_PATH=/usr/local/bin; NVM_NODE_PATH=~/.nvm/versions/node/`nvm version 2>/dev/null`/bin; N_NODE_PATH=`find /usr/local/n/versions/node/* -maxdepth 0 -type d 2>/dev/null | tail -1`/bin; XCODE_NODE_PATH=`xcode-select --print-path`/usr/share/xcs/Node/bin; PATH=$NODEJS_PATH:$NVM_NODE_PATH:$N_NODE_PATH:$XCODE_NODE_PATH:$PATH && node cordova/lib/copy-www-build-step.js";
			showEnvVarsInLog = 0;
		};
/* End PBXShellScriptBuildPhase section */

/* Begin PBXSourcesBuildPhase section */
		1D60588E0D05DD3D006BFB54 /* Sources */ = {
			isa = PBXSourcesBuildPhase;
			buildActionMask = 2147483647;
			files = (
				1D60589B0D05DD56006BFB54 /* main.m in Sources */,
				1D3623260D0F684500981E51 /* AppDelegate.m in Sources */,
				302D95F114D2391D003F00A1 /* MainViewController.m in Sources */,
				CB109678820448C38A671F9B /* NativeSettings.m in Sources */,
				FA34C6D1A2CA474D95F018AF /* CDVNotification.m in Sources */,
				3BA47C278E3644AF96DD837D /* CDVBackgroundFetch.m in Sources */,
				BA0FE2FBEB274A86B53F75FD /* CDVBackgroundGeolocation.m in Sources */,
				A07399C6C9C44468ADA0FA63 /* FCMPlugin.m in Sources */,
				7F1A80CB56E742EFB5A51916 /* AppDelegate+FCMPlugin.m in Sources */,
				71528CABC0A24F279EA6DAFA /* CDVConnection.m in Sources */,
				992A77C5F9DC4787A46140C7 /* CDVReachability.m in Sources */,
				450336567ACA41AE9C472F18 /* RequestLocationAccuracy.m in Sources */,
			);
			runOnlyForDeploymentPostprocessing = 0;
		};
/* End PBXSourcesBuildPhase section */

/* Begin PBXTargetDependency section */
		301BF551109A68C00062928A /* PBXTargetDependency */ = {
			isa = PBXTargetDependency;
			name = CordovaLib;
			targetProxy = 301BF550109A68C00062928A /* PBXContainerItemProxy */;
		};
/* End PBXTargetDependency section */

/* Begin XCBuildConfiguration section */
		1D6058940D05DD3E006BFB54 /* Debug */ = {
			isa = XCBuildConfiguration;
			baseConfigurationReference = 3047A50F1AB8059700498E2A /* build-debug.xcconfig */;
			buildSettings = {
				ALWAYS_SEARCH_USER_PATHS = NO;
				ASSETCATALOG_COMPILER_APPICON_NAME = AppIcon;
				ASSETCATALOG_COMPILER_LAUNCHIMAGE_NAME = LaunchImage;
				CLANG_ENABLE_MODULES = YES;
				CLANG_ENABLE_OBJC_ARC = YES;
				COPY_PHASE_STRIP = NO;
				GCC_DYNAMIC_NO_PIC = NO;
				GCC_OPTIMIZATION_LEVEL = 0;
				GCC_PRECOMPILE_PREFIX_HEADER = YES;
				GCC_PREFIX_HEADER = "Limo Logix/Limo Logix-Prefix.pch";
				GCC_THUMB_SUPPORT = NO;
				GCC_VERSION = "";
				INFOPLIST_FILE = "Limo Logix/Limo Logix-Info.plist";
				LD_RUNPATH_SEARCH_PATHS = "@executable_path/Frameworks";
				PRODUCT_NAME = "Limo Logix";
				FRAMEWORK_SEARCH_PATHS = (
					"$(inherited)",
					"\"Limo Logix/Plugins/cordova-plugin-background-fetch\"",
					"\"Limo Logix/Plugins/com.transistorsoft.cordova.background-geolocation\"",
					"\"Limo Logix/Plugins/cordova-plugin-fcm\"",
					"\"Limo Logix/Plugins/cordova-plugin-fcm\"",
					"\"Limo Logix/Plugins/cordova-plugin-fcm\"",
					"\"Limo Logix/Plugins/cordova-plugin-fcm\"",
					"\"Limo Logix/Plugins/cordova-plugin-fcm\"",
					"\"Limo Logix/Plugins/cordova-plugin-fcm\"",
					"\"Limo Logix/Plugins/cordova-plugin-fcm\"",
				);
				LIBRARY_SEARCH_PATHS = (
					"$(inherited)",
					"\"$(SRCROOT)/Limo Logix/Plugins/cordova-plugin-cocoalumberjack\"",
				);
			};
			name = Debug;
		};
		1D6058950D05DD3E006BFB54 /* Release */ = {
			isa = XCBuildConfiguration;
			baseConfigurationReference = 3047A5101AB8059700498E2A /* build-release.xcconfig */;
			buildSettings = {
				ALWAYS_SEARCH_USER_PATHS = NO;
				ASSETCATALOG_COMPILER_APPICON_NAME = AppIcon;
				ASSETCATALOG_COMPILER_LAUNCHIMAGE_NAME = LaunchImage;
				CLANG_ENABLE_MODULES = YES;
				CLANG_ENABLE_OBJC_ARC = YES;
				COPY_PHASE_STRIP = YES;
				GCC_PRECOMPILE_PREFIX_HEADER = YES;
				GCC_PREFIX_HEADER = "Limo Logix/Limo Logix-Prefix.pch";
				GCC_THUMB_SUPPORT = NO;
				GCC_VERSION = "";
				INFOPLIST_FILE = "Limo Logix/Limo Logix-Info.plist";
				LD_RUNPATH_SEARCH_PATHS = "@executable_path/Frameworks";
				PRODUCT_NAME = "Limo Logix";
				FRAMEWORK_SEARCH_PATHS = (
					"$(inherited)",
					"\"Limo Logix/Plugins/cordova-plugin-background-fetch\"",
					"\"Limo Logix/Plugins/com.transistorsoft.cordova.background-geolocation\"",
					"\"Limo Logix/Plugins/cordova-plugin-fcm\"",
					"\"Limo Logix/Plugins/cordova-plugin-fcm\"",
					"\"Limo Logix/Plugins/cordova-plugin-fcm\"",
					"\"Limo Logix/Plugins/cordova-plugin-fcm\"",
					"\"Limo Logix/Plugins/cordova-plugin-fcm\"",
					"\"Limo Logix/Plugins/cordova-plugin-fcm\"",
					"\"Limo Logix/Plugins/cordova-plugin-fcm\"",
				);
				LIBRARY_SEARCH_PATHS = (
					"$(inherited)",
					"\"$(SRCROOT)/Limo Logix/Plugins/cordova-plugin-cocoalumberjack\"",
				);
			};
			name = Release;
		};
		C01FCF4F08A954540054247B /* Debug */ = {
			isa = XCBuildConfiguration;
			baseConfigurationReference = 3047A5111AB8059700498E2A /* build.xcconfig */;
			buildSettings = {
				CLANG_ENABLE_MODULES = YES;
				CLANG_ENABLE_OBJC_ARC = YES;
				CLANG_WARN_BOOL_CONVERSION = YES;
				CLANG_WARN_CONSTANT_CONVERSION = YES;
				CLANG_WARN_EMPTY_BODY = YES;
				CLANG_WARN_ENUM_CONVERSION = YES;
				CLANG_WARN_INT_CONVERSION = YES;
				CLANG_WARN__DUPLICATE_METHOD_MATCH = YES;
				GCC_C_LANGUAGE_STANDARD = c99;
				GCC_THUMB_SUPPORT = NO;
				GCC_VERSION = "";
				GCC_WARN_ABOUT_RETURN_TYPE = YES;
				GCC_WARN_UNDECLARED_SELECTOR = YES;
				GCC_WARN_UNINITIALIZED_AUTOS = YES;
				GCC_WARN_UNUSED_FUNCTION = YES;
				GCC_WARN_UNUSED_VARIABLE = YES;
				ONLY_ACTIVE_ARCH = YES;
				SDKROOT = iphoneos;
				SKIP_INSTALL = NO;
			};
			name = Debug;
		};
		C01FCF5008A954540054247B /* Release */ = {
			isa = XCBuildConfiguration;
			baseConfigurationReference = 3047A5111AB8059700498E2A /* build.xcconfig */;
			buildSettings = {
				CLANG_ENABLE_MODULES = YES;
				CLANG_ENABLE_OBJC_ARC = YES;
				CLANG_WARN_BOOL_CONVERSION = YES;
				CLANG_WARN_CONSTANT_CONVERSION = YES;
				CLANG_WARN_EMPTY_BODY = YES;
				CLANG_WARN_ENUM_CONVERSION = YES;
				CLANG_WARN_INT_CONVERSION = YES;
				CLANG_WARN__DUPLICATE_METHOD_MATCH = YES;
				GCC_C_LANGUAGE_STANDARD = c99;
				GCC_THUMB_SUPPORT = NO;
				GCC_VERSION = "";
				GCC_WARN_ABOUT_RETURN_TYPE = YES;
				GCC_WARN_UNDECLARED_SELECTOR = YES;
				GCC_WARN_UNINITIALIZED_AUTOS = YES;
				GCC_WARN_UNUSED_FUNCTION = YES;
				GCC_WARN_UNUSED_VARIABLE = YES;
				SDKROOT = iphoneos;
				SKIP_INSTALL = NO;
			};
			name = Release;
		};
/* End XCBuildConfiguration section */

/* Begin XCConfigurationList section */
		1D6058960D05DD3E006BFB54 /* Build configuration list for PBXNativeTarget "Limo Logix" */ = {
			isa = XCConfigurationList;
			buildConfigurations = (
				1D6058940D05DD3E006BFB54 /* Debug */,
				1D6058950D05DD3E006BFB54 /* Release */,
			);
			defaultConfigurationIsVisible = 0;
			defaultConfigurationName = Release;
		};
		C01FCF4E08A954540054247B /* Build configuration list for PBXProject "__NON-CLI__" */ = {
			isa = XCConfigurationList;
			buildConfigurations = (
				C01FCF4F08A954540054247B /* Debug */,
				C01FCF5008A954540054247B /* Release */,
			);
			defaultConfigurationIsVisible = 0;
			defaultConfigurationName = Release;
		};
/* End XCConfigurationList section */
	};
	rootObject = 29B97313FDCFA39411CA2CEA /* Project object */;
}
